
Microsoft Visual Studio Solution File, Format Version 12.00
# Visual Studio 15
VisualStudioVersion = 15.0.28010.2046
MinimumVisualStudioVersion = 10.0.40219.1
Project("{FAE04EC0-301F-11D3-BF4B-00C04F79EFBC}") = "TP01 - Palindrome GUI", "TP01 - Palindrome GUI\TP01 - Palindrome GUI.csproj", "{B0F86E22-0ACC-4F48-87C7-3F57EB3E4C4A}"
EndProject
Global
	GlobalSection(SolutionConfigurationPlatforms) = preSolution
		Debug|Any CPU = Debug|Any CPU
		Release|Any CPU = Release|Any CPU
	EndGlobalSection
	GlobalSection(ProjectConfigurationPlatforms) = postSolution
		{B0F86E22-0ACC-4F48-87C7-3F57EB3E4C4A}.Debug|Any CPU.ActiveCfg = Debug|Any CPU
		{B0F86E22-0ACC-4F48-87C7-3F57EB3E4C4A}.Debug|Any CPU.Build.0 = Debug|Any CPU
		{B0F86E22-0ACC-4F48-87C7-3F57EB3E4C4A}.Release|Any CPU.ActiveCfg = Release|Any CPU
		{B0F86E22-0ACC-4F48-87C7-3F57EB3E4C4A}.Release|Any CPU.Build.0 = Release|Any CPU
	EndGlobalSection
	GlobalSection(SolutionProperties) = preSolution
		HideSolutionNode = FALSE
	EndGlobalSection
	GlobalSection(ExtensibilityGlobals) = postSolution
		SolutionGuid = {F81C05EA-9062-4446-9C40-97A4D3157489}
	EndGlobalSection
EndGlobal
